
Microsoft Visual Studio Solution File, Format Version 12.00
Project("{FAE04EC0-301F-11D3-BF4B-00C04F79EFBC}") = "ABCTelesalesCallScript", "ABCTelesalesCallScript\ABCTelesalesCallScript.csproj", "{256E45D8-C18E-484A-82C5-5EBFAAA12DDF}"
EndProject
Global
	GlobalSection(SolutionConfigurationPlatforms) = preSolution
		Debug|Any CPU = Debug|Any CPU
		Release|Any CPU = Release|Any CPU
	EndGlobalSection
	GlobalSection(ProjectConfigurationPlatforms) = postSolution
		{256E45D8-C18E-484A-82C5-5EBFAAA12DDF}.Debug|Any CPU.ActiveCfg = Debug|Any CPU
		{256E45D8-C18E-484A-82C5-5EBFAAA12DDF}.Debug|Any CPU.Build.0 = Debug|Any CPU
		{256E45D8-C18E-484A-82C5-5EBFAAA12DDF}.Release|Any CPU.ActiveCfg = Release|Any CPU
		{256E45D8-C18E-484A-82C5-5EBFAAA12DDF}.Release|Any CPU.Build.0 = Release|Any CPU
	EndGlobalSection
EndGlobal
